
Microsoft Visual Studio Solution File, Format Version 12.00
# Visual Studio Version 17
VisualStudioVersion = 17.7.34221.43
MinimumVisualStudioVersion = 10.0.40219.1
Project("{FAE04EC0-301F-11D3-BF4B-00C04F79EFBC}") = "Tema-OnlineSchool-Noilectii", "Tema-OnlineSchool-Noilectii.csproj", "{F0CB5592-0999-4F18-AD74-CBCC5B675A41}"
EndProject
Global
	GlobalSection(SolutionConfigurationPlatforms) = preSolution
		Debug|Any CPU = Debug|Any CPU
		Release|Any CPU = Release|Any CPU
	EndGlobalSection
	GlobalSection(ProjectConfigurationPlatforms) = postSolution
		{F0CB5592-0999-4F18-AD74-CBCC5B675A41}.Debug|Any CPU.ActiveCfg = Debug|Any CPU
		{F0CB5592-0999-4F18-AD74-CBCC5B675A41}.Debug|Any CPU.Build.0 = Debug|Any CPU
		{F0CB5592-0999-4F18-AD74-CBCC5B675A41}.Release|Any CPU.ActiveCfg = Release|Any CPU
		{F0CB5592-0999-4F18-AD74-CBCC5B675A41}.Release|Any CPU.Build.0 = Release|Any CPU
	EndGlobalSection
	GlobalSection(SolutionProperties) = preSolution
		HideSolutionNode = FALSE
	EndGlobalSection
	GlobalSection(ExtensibilityGlobals) = postSolution
		SolutionGuid = {57E5C4E2-C6D4-4F97-9D29-7B115142DAD7}
	EndGlobalSection
EndGlobal
